// !$*UTF8*$!
{
	archiveVersion = 1;
	classes = {
	};
	objectVersion = 50;
	objects = {

/* Begin PBXBuildFile section */
		43195398242CE82000D256EE /* AppDelegate.swift in Sources */ = {isa = PBXBuildFile; fileRef = 43195397242CE82000D256EE /* AppDelegate.swift */; };
		4319539A242CE82000D256EE /* SceneDelegate.swift in Sources */ = {isa = PBXBuildFile; fileRef = 43195399242CE82000D256EE /* SceneDelegate.swift */; };
		4319539C242CE82000D256EE /* ViewController.swift in Sources */ = {isa = PBXBuildFile; fileRef = 4319539B242CE82000D256EE /* ViewController.swift */; };
		4319539F242CE82000D256EE /* Main.storyboard in Resources */ = {isa = PBXBuildFile; fileRef = 4319539D242CE82000D256EE /* Main.storyboard */; };
		431953A1242CE82500D256EE /* Assets.xcassets in Resources */ = {isa = PBXBuildFile; fileRef = 431953A0242CE82500D256EE /* Assets.xcassets */; };
		431953A4242CE82500D256EE /* LaunchScreen.storyboard in Resources */ = {isa = PBXBuildFile; fileRef = 431953A2242CE82500D256EE /* LaunchScreen.storyboard */; };
		431953AC242E193600D256EE /* StartViewController.swift in Sources */ = {isa = PBXBuildFile; fileRef = 431953AB242E193500D256EE /* StartViewController.swift */; };
/* End PBXBuildFile section */

/* Begin PBXFileReference section */
		43195394242CE82000D256EE /* dropy.app */ = {isa = PBXFileReference; explicitFileType = wrapper.application; includeInIndex = 0; path = dropy.app; sourceTree = BUILT_PRODUCTS_DIR; };
		43195397242CE82000D256EE /* AppDelegate.swift */ = {isa = PBXFileReference; lastKnownFileType = sourcecode.swift; path = AppDelegate.swift; sourceTree = "<group>"; };
		43195399242CE82000D256EE /* SceneDelegate.swift */ = {isa = PBXFileReference; lastKnownFileType = sourcecode.swift; path = SceneDelegate.swift; sourceTree = "<group>"; };
		4319539B242CE82000D256EE /* ViewController.swift */ = {isa = PBXFileReference; lastKnownFileType = sourcecode.swift; path = ViewController.swift; sourceTree = "<group>"; };
		4319539E242CE82000D256EE /* Base */ = {isa = PBXFileReference; lastKnownFileType = file.storyboard; name = Base; path = Base.lproj/Main.storyboard; sourceTree = "<group>"; };
		431953A0242CE82500D256EE /* Assets.xcassets */ = {isa = PBXFileReference; lastKnownFileType = folder.assetcatalog; path = Assets.xcassets; sourceTree = "<group>"; };
		431953A3242CE82500D256EE /* Base */ = {isa = PBXFileReference; lastKnownFileType = file.storyboard; name = Base; path = Base.lproj/LaunchScreen.storyboard; sourceTree = "<group>"; };
		431953A5242CE82500D256EE /* Info.plist */ = {isa = PBXFileReference; lastKnownFileType = text.plist.xml; path = Info.plist; sourceTree = "<group>"; };
		431953AB242E193500D256EE /* StartViewController.swift */ = {isa = PBXFileReference; lastKnownFileType = sourcecode.swift; path = StartViewController.swift; sourceTree = "<group>"; };
/* End PBXFileReference section */

/* Begin PBXFrameworksBuildPhase section */
		43195391242CE82000D256EE /* Frameworks */ = {
			isa = PBXFrameworksBuildPhase;
			buildActionMask = 2147483647;
			files = (
			);
			runOnlyForDeploymentPostprocessing = 0;
		};
/* End PBXFrameworksBuildPhase section */

/* Begin PBXGroup section */
		4319538B242CE82000D256EE = {
			isa = PBXGroup;
			children = (
				43195396242CE82000D256EE /* dropy */,
				43195395242CE82000D256EE /* Products */,
			);
			sourceTree = "<group>";
		};
		43195395242CE82000D256EE /* Products */ = {
			isa = PBXGroup;
			children = (
				43195394242CE82000D256EE /* dropy.app */,
			);
			name = Products;
			sourceTree = "<group>";
		};
		43195396242CE82000D256EE /* dropy */ = {
			isa = PBXGroup;
			children = (
				43195397242CE82000D256EE /* AppDelegate.swift */,
				43195399242CE82000D256EE /* SceneDelegate.swift */,
				4319539B242CE82000D256EE /* ViewController.swift */,
				4319539D242CE82000D256EE /* Main.storyboard */,
				431953A0242CE82500D256EE /* Assets.xcassets */,
				431953A2242CE82500D256EE /* LaunchScreen.storyboard */,
				431953A5242CE82500D256EE /* Info.plist */,
				431953AB242E193500D256EE /* StartViewController.swift */,
			);
			path = dropy;
			sourceTree = "<group>";
		};
/* End PBXGroup section */

/* Begin PBXNativeTarget section */
		43195393242CE82000D256EE /* dropy */ = {
			isa = PBXNativeTarget;
			buildConfigurationList = 431953A8242CE82500D256EE /* Build configuration list for PBXNativeTarget "dropy" */;
			buildPhases = (
				43195390242CE82000D256EE /* Sources */,
				43195391242CE82000D256EE /* Frameworks */,
				43195392242CE82000D256EE /* Resources */,
			);
			buildRules = (
			);
			dependencies = (
			);
			name = dropy;
			productName = dropy;
			productReference = 43195394242CE82000D256EE /* dropy.app */;
			productType = "com.apple.product-type.application";
		};
/* End PBXNativeTarget section */

/* Begin PBXProject section */
		4319538C242CE82000D256EE /* Project object */ = {
			isa = PBXProject;
			attributes = {
				LastSwiftUpdateCheck = 1130;
				LastUpgradeCheck = 1130;
				ORGANIZATIONNAME = "hannan parvez";
				TargetAttributes = {
					43195393242CE82000D256EE = {
						CreatedOnToolsVersion = 11.3.1;
					};
				};
			};
			buildConfigurationList = 4319538F242CE82000D256EE /* Build configuration list for PBXProject "dropy" */;
			compatibilityVersion = "Xcode 9.3";
			developmentRegion = en;
			hasScannedForEncodings = 0;
			knownRegions = (
				en,
				Base,
			);
			mainGroup = 4319538B242CE82000D256EE;
			productRefGroup = 43195395242CE82000D256EE /* Products */;
			projectDirPath = "";
			projectRoot = "";
			targets = (
				43195393242CE82000D256EE /* dropy */,
			);
		};
/* End PBXProject section */

/* Begin PBXResourcesBuildPhase section */
		43195392242CE82000D256EE /* Resources */ = {
			isa = PBXResourcesBuildPhase;
			buildActionMask = 2147483647;
			files = (
				431953A4242CE82500D256EE /* LaunchScreen.storyboard in Resources */,
				431953A1242CE82500D256EE /* Assets.xcassets in Resources */,
				4319539F242CE82000D256EE /* Main.storyboard in Resources */,
			);
			runOnlyForDeploymentPostprocessing = 0;
		};
/* End PBXResourcesBuildPhase section */

/* Begin PBXSourcesBuildPhase section */
		43195390242CE82000D256EE /* Sources */ = {
			isa = PBXSourcesBuildPhase;
			buildActionMask = 2147483647;
			files = (
				4319539C242CE82000D256EE /* ViewController.swift in Sources */,
				431953AC242E193600D256EE /* StartViewController.swift in Sources */,
				43195398242CE82000D256EE /* AppDelegate.swift in Sources */,
				4319539A242CE82000D256EE /* SceneDelegate.swift in Sources */,
			);
			runOnlyForDeploymentPostprocessing = 0;
		};
/* End PBXSourcesBuildPhase section */

/* Begin PBXVariantGroup section */
		4319539D242CE82000D256EE /* Main.storyboard */ = {
			isa = PBXVariantGroup;
			children = (
				4319539E242CE82000D256EE /* Base */,
			);
			name = Main.storyboard;
			sourceTree = "<group>";
		};
		431953A2242CE82500D256EE /* LaunchScreen.storyboard */ = {
			isa = PBXVariantGroup;
			children = (
				431953A3242CE82500D256EE /* Base */,
			);
			name = LaunchScreen.storyboard;
			sourceTree = "<group>";
		};
/* End PBXVariantGroup section */

/* Begin XCBuildConfiguration section */
		431953A6242CE82500D256EE /* Debug */ = {
			isa = XCBuildConfiguration;
			buildSettings = {
				ALWAYS_SEARCH_USER_PATHS = NO;
				CLANG_ANALYZER_NONNULL = YES;
				CLANG_ANALYZER_NUMBER_OBJECT_CONVERSION = YES_AGGRESSIVE;
				CLANG_CXX_LANGUAGE_STANDARD = "gnu++14";
				CLANG_CXX_LIBRARY = "libc++";
				CLANG_ENABLE_MODULES = YES;
				CLANG_ENABLE_OBJC_ARC = YES;
				CLANG_ENABLE_OBJC_WEAK = YES;
				CLANG_WARN_BLOCK_CAPTURE_AUTORELEASING = YES;
				CLANG_WARN_BOOL_CONVERSION = YES;
				CLANG_WARN_COMMA = YES;
				CLANG_WARN_CONSTANT_CONVERSION = YES;
				CLANG_WARN_DEPRECATED_OBJC_IMPLEMENTATIONS = YES;
				CLANG_WARN_DIRECT_OBJC_ISA_USAGE = YES_ERROR;
				CLANG_WARN_DOCUMENTATION_COMMENTS = YES;
				CLANG_WARN_EMPTY_BODY = YES;
				CLANG_WARN_ENUM_CONVERSION = YES;
				CLANG_WARN_INFINITE_RECURSION = YES;
				CLANG_WARN_INT_CONVERSION = YES;
				CLANG_WARN_NON_LITERAL_NULL_CONVERSION = YES;
				CLANG_WARN_OBJC_IMPLICIT_RETAIN_SELF = YES;
				CLANG_WARN_OBJC_LITERAL_CONVERSION = YES;
				CLANG_WARN_OBJC_ROOT_CLASS = YES_ERROR;
				CLANG_WARN_RANGE_LOOP_ANALYSIS = YES;
				CLANG_WARN_STRICT_PROTOTYPES = YES;
				CLANG_WARN_SUSPICIOUS_MOVE = YES;
				CLANG_WARN_UNGUARDED_AVAILABILITY = YES_AGGRESSIVE;
				CLANG_WARN_UNREACHABLE_CODE = YES;
				CLANG_WARN__DUPLICATE_METHOD_MATCH = YES;
				COPY_PHASE_STRIP = NO;
				DEBUG_INFORMATION_FORMAT = dwarf;
				ENABLE_STRICT_OBJC_MSGSEND = YES;
				ENABLE_TESTABILITY = YES;
				GCC_C_LANGUAGE_STANDARD = gnu11;
				GCC_DYNAMIC_NO_PIC = NO;
				GCC_NO_COMMON_BLOCKS = YES;
				GCC_OPTIMIZATION_LEVEL = 0;
				GCC_PREPROCESSOR_DEFINITIONS = (
					"DEBUG=1",
					"$(inherited)",
				);
				GCC_WARN_64_TO_32_BIT_CONVERSION = YES;
				GCC_WARN_ABOUT_RETURN_TYPE = YES_ERROR;
				GCC_WARN_UNDECLARED_SELECTOR = YES;
				GCC_WARN_UNINITIALIZED_AUTOS = YES_AGGRESSIVE;
				GCC_WARN_UNUSED_FUNCTION = YES;
				GCC_WARN_UNUSED_VARIABLE = YES;
				IPHONEOS_DEPLOYMENT_TARGET = 13.2;
				MTL_ENABLE_DEBUG_INFO = INCLUDE_SOURCE;
				MTL_FAST_MATH = YES;
				ONLY_ACTIVE_ARCH = YES;
				SDKROOT = iphoneos;
				SWIFT_ACTIVE_COMPILATION_CONDITIONS = DEBUG;
				SWIFT_OPTIMIZATION_LEVEL = "-Onone";
			};
			name = Debug;
		};
		431953A7242CE82500D256EE /* Release */ = {
			isa = XCBuildConfiguration;
			buildSettings = {
				ALWAYS_SEARCH_USER_PATHS = NO;
				CLANG_ANALYZER_NONNULL = YES;
				CLANG_ANALYZER_NUMBER_OBJECT_CONVERSION = YES_AGGRESSIVE;
				CLANG_CXX_LANGUAGE_STANDARD = "gnu++14";
				CLANG_CXX_LIBRARY = "libc++";
				CLANG_ENABLE_MODULES = YES;
				CLANG_ENABLE_OBJC_ARC = YES;
				CLANG_ENABLE_OBJC_WEAK = YES;
				CLANG_WARN_BLOCK_CAPTURE_AUTORELEASING = YES;
				CLANG_WARN_BOOL_CONVERSION = YES;
				CLANG_WARN_COMMA = YES;
				CLANG_WARN_CONSTANT_CONVERSION = YES;
				CLANG_WARN_DEPRECATED_OBJC_IMPLEMENTATIONS = YES;
				CLANG_WARN_DIRECT_OBJC_ISA_USAGE = YES_ERROR;
				CLANG_WARN_DOCUMENTATION_COMMENTS = YES;
				CLANG_WARN_EMPTY_BODY = YES;
				CLANG_WARN_ENUM_CONVERSION = YES;
				CLANG_WARN_INFINITE_RECURSION = YES;
				CLANG_WARN_INT_CONVERSION = YES;
				CLANG_WARN_NON_LITERAL_NULL_CONVERSION = YES;
				CLANG_WARN_OBJC_IMPLICIT_RETAIN_SELF = YES;
				CLANG_WARN_OBJC_LITERAL_CONVERSION = YES;
				CLANG_WARN_OBJC_ROOT_CLASS = YES_ERROR;
				CLANG_WARN_RANGE_LOOP_ANALYSIS = YES;
				CLANG_WARN_STRICT_PROTOTYPES = YES;
				CLANG_WARN_SUSPICIOUS_MOVE = YES;
				CLANG_WARN_UNGUARDED_AVAILABILITY = YES_AGGRESSIVE;
				CLANG_WARN_UNREACHABLE_CODE = YES;
				CLANG_WARN__DUPLICATE_METHOD_MATCH = YES;
				COPY_PHASE_STRIP = NO;
				DEBUG_INFORMATION_FORMAT = "dwarf-with-dsym";
				ENABLE_NS_ASSERTIONS = NO;
				ENABLE_STRICT_OBJC_MSGSEND = YES;
				GCC_C_LANGUAGE_STANDARD = gnu11;
				GCC_NO_COMMON_BLOCKS = YES;
				GCC_WARN_64_TO_32_BIT_CONVERSION = YES;
				GCC_WARN_ABOUT_RETURN_TYPE = YES_ERROR;
				GCC_WARN_UNDECLARED_SELECTOR = YES;
				GCC_WARN_UNINITIALIZED_AUTOS = YES_AGGRESSIVE;
				GCC_WARN_UNUSED_FUNCTION = YES;
				GCC_WARN_UNUSED_VARIABLE = YES;
				IPHONEOS_DEPLOYMENT_TARGET = 13.2;
				MTL_ENABLE_DEBUG_INFO = NO;
				MTL_FAST_MATH = YES;
				SDKROOT = iphoneos;
				SWIFT_COMPILATION_MODE = wholemodule;
				SWIFT_OPTIMIZATION_LEVEL = "-O";
				VALIDATE_PRODUCT = YES;
			};
			name = Release;
		};
		431953A9242CE82500D256EE /* Debug */ = {
			isa = XCBuildConfiguration;
			buildSettings = {
				ASSETCATALOG_COMPILER_APPICON_NAME = AppIcon;
				CODE_SIGN_STYLE = Automatic;
				DEVELOPMENT_TEAM = Y9P2Q4C8G2;
				INFOPLIST_FILE = dropy/Info.plist;
				LD_RUNPATH_SEARCH_PATHS = (
					"$(inherited)",
					"@executable_path/Frameworks",
				);
				PRODUCT_BUNDLE_IDENTIFIER = www.hannan.com.dropy;
				PRODUCT_NAME = "$(TARGET_NAME)";
				SWIFT_VERSION = 5.0;
				TARGETED_DEVICE_FAMILY = "1,2";
			};
			name = Debug;
		};
		431953AA242CE82500D256EE /* Release */ = {
			isa = XCBuildConfiguration;
			buildSettings = {
				ASSETCATALOG_COMPILER_APPICON_NAME = AppIcon;
				CODE_SIGN_STYLE = Automatic;
				DEVELOPMENT_TEAM = Y9P2Q4C8G2;
				INFOPLIST_FILE = dropy/Info.plist;
				LD_RUNPATH_SEARCH_PATHS = (
					"$(inherited)",
					"@executable_path/Frameworks",
				);
				PRODUCT_BUNDLE_IDENTIFIER = www.hannan.com.dropy;
				PRODUCT_NAME = "$(TARGET_NAME)";
				SWIFT_VERSION = 5.0;
				TARGETED_DEVICE_FAMILY = "1,2";
			};
			name = Release;
		};
/* End XCBuildConfiguration section */

/* Begin XCConfigurationList section */
		4319538F242CE82000D256EE /* Build configuration list for PBXProject "dropy" */ = {
			isa = XCConfigurationList;
			buildConfigurations = (
				431953A6242CE82500D256EE /* Debug */,
				431953A7242CE82500D256EE /* Release */,
			);
			defaultConfigurationIsVisible = 0;
			defaultConfigurationName = Release;
		};
		431953A8242CE82500D256EE /* Build configuration list for PBXNativeTarget "dropy" */ = {
			isa = XCConfigurationList;
			buildConfigurations = (
				431953A9242CE82500D256EE /* Debug */,
				431953AA242CE82500D256EE /* Release */,
			);
			defaultConfigurationIsVisible = 0;
			defaultConfigurationName = Release;
		};
/* End XCConfigurationList section */
	};
	rootObject = 4319538C242CE82000D256EE /* Project object */;
}
